
Microsoft Visual Studio Solution File, Format Version 12.00
# Visual Studio Version 16
VisualStudioVersion = 16.0.30204.135
MinimumVisualStudioVersion = 10.0.40219.1
Project("{FAE04EC0-301F-11D3-BF4B-00C04F79EFBC}") = "FourRowForms", "FourRowForms.csproj", "{1932CCB3-3D27-4C00-99DB-BA9F886DEC7B}"
EndProject
Global
	GlobalSection(SolutionConfigurationPlatforms) = preSolution
		Debug|Any CPU = Debug|Any CPU
		Release|Any CPU = Release|Any CPU
	EndGlobalSection
	GlobalSection(ProjectConfigurationPlatforms) = postSolution
		{1932CCB3-3D27-4C00-99DB-BA9F886DEC7B}.Debug|Any CPU.ActiveCfg = Debug|Any CPU
		{1932CCB3-3D27-4C00-99DB-BA9F886DEC7B}.Debug|Any CPU.Build.0 = Debug|Any CPU
		{1932CCB3-3D27-4C00-99DB-BA9F886DEC7B}.Release|Any CPU.ActiveCfg = Release|Any CPU
		{1932CCB3-3D27-4C00-99DB-BA9F886DEC7B}.Release|Any CPU.Build.0 = Release|Any CPU
	EndGlobalSection
	GlobalSection(SolutionProperties) = preSolution
		HideSolutionNode = FALSE
	EndGlobalSection
	GlobalSection(ExtensibilityGlobals) = postSolution
		SolutionGuid = {C95DF23C-67A4-43DE-B5A1-CB9FBA26B864}
	EndGlobalSection
EndGlobal
