
Microsoft Visual Studio Solution File, Format Version 12.00
# Visual Studio Version 16
VisualStudioVersion = 16.0.29911.84
MinimumVisualStudioVersion = 10.0.40219.1
Project("{FAE04EC0-301F-11D3-BF4B-00C04F79EFBC}") = "FourRowHost", "FourRowHost\FourRowHost.csproj", "{447016C1-9D20-4B81-ADAA-81B38DA8D462}"
EndProject
Global
	GlobalSection(SolutionConfigurationPlatforms) = preSolution
		Debug|Any CPU = Debug|Any CPU
		Release|Any CPU = Release|Any CPU
	EndGlobalSection
	GlobalSection(ProjectConfigurationPlatforms) = postSolution
		{447016C1-9D20-4B81-ADAA-81B38DA8D462}.Debug|Any CPU.ActiveCfg = Debug|Any CPU
		{447016C1-9D20-4B81-ADAA-81B38DA8D462}.Debug|Any CPU.Build.0 = Debug|Any CPU
		{447016C1-9D20-4B81-ADAA-81B38DA8D462}.Release|Any CPU.ActiveCfg = Release|Any CPU
		{447016C1-9D20-4B81-ADAA-81B38DA8D462}.Release|Any CPU.Build.0 = Release|Any CPU
	EndGlobalSection
	GlobalSection(SolutionProperties) = preSolution
		HideSolutionNode = FALSE
	EndGlobalSection
	GlobalSection(ExtensibilityGlobals) = postSolution
		SolutionGuid = {EA96F7C4-DB4B-4167-8CF0-D77196EAB0EC}
	EndGlobalSection
EndGlobal
