
Microsoft Visual Studio Solution File, Format Version 12.00
# Visual Studio Version 16
VisualStudioVersion = 16.0.29911.84
MinimumVisualStudioVersion = 10.0.40219.1
Project("{FAE04EC0-301F-11D3-BF4B-00C04F79EFBC}") = "FourRowClient", "FourRowClient\FourRowClient.csproj", "{D3A3109F-1246-46C2-BDF1-5CBF552E9721}"
EndProject
Global
	GlobalSection(SolutionConfigurationPlatforms) = preSolution
		Debug|Any CPU = Debug|Any CPU
		Release|Any CPU = Release|Any CPU
	EndGlobalSection
	GlobalSection(ProjectConfigurationPlatforms) = postSolution
		{D3A3109F-1246-46C2-BDF1-5CBF552E9721}.Debug|Any CPU.ActiveCfg = Debug|Any CPU
		{D3A3109F-1246-46C2-BDF1-5CBF552E9721}.Debug|Any CPU.Build.0 = Debug|Any CPU
		{D3A3109F-1246-46C2-BDF1-5CBF552E9721}.Release|Any CPU.ActiveCfg = Release|Any CPU
		{D3A3109F-1246-46C2-BDF1-5CBF552E9721}.Release|Any CPU.Build.0 = Release|Any CPU
	EndGlobalSection
	GlobalSection(SolutionProperties) = preSolution
		HideSolutionNode = FALSE
	EndGlobalSection
	GlobalSection(ExtensibilityGlobals) = postSolution
		SolutionGuid = {7B3CD92C-9C89-42B7-AD21-A0E1E65E5B0A}
	EndGlobalSection
EndGlobal
